
Microsoft Visual Studio Solution File, Format Version 12.00
# Visual Studio 15
VisualStudioVersion = 15.0.33801.198
MinimumVisualStudioVersion = 10.0.40219.1
Project("{159641D6-6404-4A2A-AE62-294DE0FE8301}") = "SSSIS_AdventureWorks2014_OLTP_Staging", "SSSIS_Staging\SSSIS_AdventureWorks2014_OLTP_Staging.dtproj", "{222832AE-194B-455B-B724-A3E3BEB34925}"
EndProject
Global
	GlobalSection(SolutionConfigurationPlatforms) = preSolution
		Development|Default = Development|Default
	EndGlobalSection
	GlobalSection(ProjectConfigurationPlatforms) = postSolution
		{222832AE-194B-455B-B724-A3E3BEB34925}.Development|Default.ActiveCfg = Development
		{222832AE-194B-455B-B724-A3E3BEB34925}.Development|Default.Build.0 = Development
	EndGlobalSection
	GlobalSection(SolutionProperties) = preSolution
		HideSolutionNode = FALSE
	EndGlobalSection
	GlobalSection(ExtensibilityGlobals) = postSolution
		SolutionGuid = {AC29F8B7-7B2B-47EF-91B5-6211297A1F38}
	EndGlobalSection
EndGlobal
